
Microsoft Visual Studio Solution File, Format Version 12.00
# Visual Studio Version 17
VisualStudioVersion = 17.9.34728.123
MinimumVisualStudioVersion = 10.0.40219.1
Project("{FAE04EC0-301F-11D3-BF4B-00C04F79EFBC}") = "FTPServer", "FTPServer.csproj", "{2F98D59F-0FBE-4CD7-BF18-401955AE91AB}"
EndProject
Global
	GlobalSection(SolutionConfigurationPlatforms) = preSolution
		Debug|Any CPU = Debug|Any CPU
		Release|Any CPU = Release|Any CPU
	EndGlobalSection
	GlobalSection(ProjectConfigurationPlatforms) = postSolution
		{2F98D59F-0FBE-4CD7-BF18-401955AE91AB}.Debug|Any CPU.ActiveCfg = Debug|Any CPU
		{2F98D59F-0FBE-4CD7-BF18-401955AE91AB}.Debug|Any CPU.Build.0 = Debug|Any CPU
		{2F98D59F-0FBE-4CD7-BF18-401955AE91AB}.Release|Any CPU.ActiveCfg = Release|Any CPU
		{2F98D59F-0FBE-4CD7-BF18-401955AE91AB}.Release|Any CPU.Build.0 = Release|Any CPU
	EndGlobalSection
	GlobalSection(SolutionProperties) = preSolution
		HideSolutionNode = FALSE
	EndGlobalSection
	GlobalSection(ExtensibilityGlobals) = postSolution
		SolutionGuid = {00B96E9A-489E-48F0-A0AC-95C7333DC1A7}
	EndGlobalSection
EndGlobal
